
Microsoft Visual Studio Solution File, Format Version 12.00
# Visual Studio 14
VisualStudioVersion = 14.0.25123.0
MinimumVisualStudioVersion = 10.0.40219.1
Project("{FAE04EC0-301F-11D3-BF4B-00C04F79EFBC}") = "Optimat.EveO.Exe", "Optimat.EveO.Exe\Optimat.EveO.Exe.csproj", "{D95AA226-5FD2-44B1-9DE3-7E326E34CB18}"
EndProject
Project("{FAE04EC0-301F-11D3-BF4B-00C04F79EFBC}") = "Optimat.EveO", "Optimat.EveO\Optimat.EveO.csproj", "{2582079F-554E-463B-8422-F9FD2E4E6ED9}"
EndProject
Project("{2150E333-8FDC-42A3-9474-1A3956D46DE8}") = "Solution Items", "Solution Items", "{C804987C-6FE5-45E2-98FD-F7F30A68354B}"
EndProject
Project("{FAE04EC0-301F-11D3-BF4B-00C04F79EFBC}") = "Optimat.EveOnline", "Optimat.EveOnline\Optimat.EveOnline.csproj", "{F09FC6C1-E998-40C7-8DC9-3F5843729094}"
EndProject
Project("{FAE04EC0-301F-11D3-BF4B-00C04F79EFBC}") = "Optimat.EveOnline.Base", "Optimat.EveOnline.Base\Optimat.EveOnline.Base.csproj", "{38E5633B-1AA6-4D03-90B6-9B672A17F32A}"
EndProject
Project("{FAE04EC0-301F-11D3-BF4B-00C04F79EFBC}") = "Optimat.EveOnline.UI", "Optimat.EveOnline.UI\Optimat.EveOnline.UI.csproj", "{D2D968AC-1169-4005-8960-F8AFCA65EB58}"
EndProject
Project("{FAE04EC0-301F-11D3-BF4B-00C04F79EFBC}") = "Optimat.EveOnline.CustomBot", "Optimat.EveOnline.CustomBot\Optimat.EveOnline.CustomBot.csproj", "{D8F6BBAB-23E1-44B8-ADB4-AD2C5F703A41}"
EndProject
Project("{FAE04EC0-301F-11D3-BF4B-00C04F79EFBC}") = "Optimat.EveOnline.TempAuswertGbs", "Optimat.EveOnline.TempAuswertGbs\Optimat.EveOnline.TempAuswertGbs.csproj", "{F493B43D-0230-488C-95C3-99E150295EA9}"
EndProject
Project("{FAE04EC0-301F-11D3-BF4B-00C04F79EFBC}") = "ExtractFromOldAssembly", "ExtractFromOldAssembly\ExtractFromOldAssembly.csproj", "{8CF69E77-7197-4812-AF69-F1E206D82FA9}"
EndProject
Project("{FAE04EC0-301F-11D3-BF4B-00C04F79EFBC}") = "BotEngine.EveOnline.Interface", "BotEngine.EveOnline.Interface\BotEngine.EveOnline.Interface\BotEngine.EveOnline.Interface.csproj", "{64123DFE-B5F0-4F23-B42D-B93A27B0C2A9}"
EndProject
Project("{FAE04EC0-301F-11D3-BF4B-00C04F79EFBC}") = "BotEngine.EveOnline", "BotEngine.EveOnline\BotEngine.EveOnline\BotEngine.EveOnline.csproj", "{033271F0-0134-4F5A-B016-9D7A470ECE01}"
EndProject
Project("{FAE04EC0-301F-11D3-BF4B-00C04F79EFBC}") = "MapToOldInterface", "MapToOldInterface\MapToOldInterface.csproj", "{DC546845-193E-439B-8D3A-ABD585DEF67B}"
EndProject
Global
	GlobalSection(SolutionConfigurationPlatforms) = preSolution
		Debug|Any CPU = Debug|Any CPU
		Debug|Mixed Platforms = Debug|Mixed Platforms
		Debug|x86 = Debug|x86
		Release|Any CPU = Release|Any CPU
		Release|Mixed Platforms = Release|Mixed Platforms
		Release|x86 = Release|x86
	EndGlobalSection
	GlobalSection(ProjectConfigurationPlatforms) = postSolution
		{D95AA226-5FD2-44B1-9DE3-7E326E34CB18}.Debug|Any CPU.ActiveCfg = Debug|x86
		{D95AA226-5FD2-44B1-9DE3-7E326E34CB18}.Debug|Mixed Platforms.ActiveCfg = Debug|x86
		{D95AA226-5FD2-44B1-9DE3-7E326E34CB18}.Debug|Mixed Platforms.Build.0 = Debug|x86
		{D95AA226-5FD2-44B1-9DE3-7E326E34CB18}.Debug|x86.ActiveCfg = Debug|x86
		{D95AA226-5FD2-44B1-9DE3-7E326E34CB18}.Debug|x86.Build.0 = Debug|x86
		{D95AA226-5FD2-44B1-9DE3-7E326E34CB18}.Release|Any CPU.ActiveCfg = Release|x86
		{D95AA226-5FD2-44B1-9DE3-7E326E34CB18}.Release|Mixed Platforms.ActiveCfg = Release|x86
		{D95AA226-5FD2-44B1-9DE3-7E326E34CB18}.Release|Mixed Platforms.Build.0 = Release|x86
		{D95AA226-5FD2-44B1-9DE3-7E326E34CB18}.Release|x86.ActiveCfg = Release|x86
		{D95AA226-5FD2-44B1-9DE3-7E326E34CB18}.Release|x86.Build.0 = Release|x86
		{2582079F-554E-463B-8422-F9FD2E4E6ED9}.Debug|Any CPU.ActiveCfg = Debug|Any CPU
		{2582079F-554E-463B-8422-F9FD2E4E6ED9}.Debug|Any CPU.Build.0 = Debug|Any CPU
		{2582079F-554E-463B-8422-F9FD2E4E6ED9}.Debug|Mixed Platforms.ActiveCfg = Debug|Any CPU
		{2582079F-554E-463B-8422-F9FD2E4E6ED9}.Debug|Mixed Platforms.Build.0 = Debug|Any CPU
		{2582079F-554E-463B-8422-F9FD2E4E6ED9}.Debug|x86.ActiveCfg = Debug|Any CPU
		{2582079F-554E-463B-8422-F9FD2E4E6ED9}.Release|Any CPU.ActiveCfg = Release|Any CPU
		{2582079F-554E-463B-8422-F9FD2E4E6ED9}.Release|Any CPU.Build.0 = Release|Any CPU
		{2582079F-554E-463B-8422-F9FD2E4E6ED9}.Release|Mixed Platforms.ActiveCfg = Release|Any CPU
		{2582079F-554E-463B-8422-F9FD2E4E6ED9}.Release|Mixed Platforms.Build.0 = Release|Any CPU
		{2582079F-554E-463B-8422-F9FD2E4E6ED9}.Release|x86.ActiveCfg = Release|Any CPU
		{F09FC6C1-E998-40C7-8DC9-3F5843729094}.Debug|Any CPU.ActiveCfg = Debug|Any CPU
		{F09FC6C1-E998-40C7-8DC9-3F5843729094}.Debug|Any CPU.Build.0 = Debug|Any CPU
		{F09FC6C1-E998-40C7-8DC9-3F5843729094}.Debug|Mixed Platforms.ActiveCfg = Debug|Any CPU
		{F09FC6C1-E998-40C7-8DC9-3F5843729094}.Debug|Mixed Platforms.Build.0 = Debug|Any CPU
		{F09FC6C1-E998-40C7-8DC9-3F5843729094}.Debug|x86.ActiveCfg = Debug|Any CPU
		{F09FC6C1-E998-40C7-8DC9-3F5843729094}.Debug|x86.Build.0 = Debug|Any CPU
		{F09FC6C1-E998-40C7-8DC9-3F5843729094}.Release|Any CPU.ActiveCfg = Release|Any CPU
		{F09FC6C1-E998-40C7-8DC9-3F5843729094}.Release|Any CPU.Build.0 = Release|Any CPU
		{F09FC6C1-E998-40C7-8DC9-3F5843729094}.Release|Mixed Platforms.ActiveCfg = Release|Any CPU
		{F09FC6C1-E998-40C7-8DC9-3F5843729094}.Release|Mixed Platforms.Build.0 = Release|Any CPU
		{F09FC6C1-E998-40C7-8DC9-3F5843729094}.Release|x86.ActiveCfg = Release|Any CPU
		{F09FC6C1-E998-40C7-8DC9-3F5843729094}.Release|x86.Build.0 = Release|Any CPU
		{38E5633B-1AA6-4D03-90B6-9B672A17F32A}.Debug|Any CPU.ActiveCfg = Debug|Any CPU
		{38E5633B-1AA6-4D03-90B6-9B672A17F32A}.Debug|Any CPU.Build.0 = Debug|Any CPU
		{38E5633B-1AA6-4D03-90B6-9B672A17F32A}.Debug|Mixed Platforms.ActiveCfg = Debug|Any CPU
		{38E5633B-1AA6-4D03-90B6-9B672A17F32A}.Debug|Mixed Platforms.Build.0 = Debug|Any CPU
		{38E5633B-1AA6-4D03-90B6-9B672A17F32A}.Debug|x86.ActiveCfg = Debug|Any CPU
		{38E5633B-1AA6-4D03-90B6-9B672A17F32A}.Debug|x86.Build.0 = Debug|Any CPU
		{38E5633B-1AA6-4D03-90B6-9B672A17F32A}.Release|Any CPU.ActiveCfg = Release|Any CPU
		{38E5633B-1AA6-4D03-90B6-9B672A17F32A}.Release|Any CPU.Build.0 = Release|Any CPU
		{38E5633B-1AA6-4D03-90B6-9B672A17F32A}.Release|Mixed Platforms.ActiveCfg = Release|Any CPU
		{38E5633B-1AA6-4D03-90B6-9B672A17F32A}.Release|Mixed Platforms.Build.0 = Release|Any CPU
		{38E5633B-1AA6-4D03-90B6-9B672A17F32A}.Release|x86.ActiveCfg = Release|Any CPU
		{38E5633B-1AA6-4D03-90B6-9B672A17F32A}.Release|x86.Build.0 = Release|Any CPU
		{D2D968AC-1169-4005-8960-F8AFCA65EB58}.Debug|Any CPU.ActiveCfg = Debug|Any CPU
		{D2D968AC-1169-4005-8960-F8AFCA65EB58}.Debug|Any CPU.Build.0 = Debug|Any CPU
		{D2D968AC-1169-4005-8960-F8AFCA65EB58}.Debug|Mixed Platforms.ActiveCfg = Debug|Any CPU
		{D2D968AC-1169-4005-8960-F8AFCA65EB58}.Debug|Mixed Platforms.Build.0 = Debug|Any CPU
		{D2D968AC-1169-4005-8960-F8AFCA65EB58}.Debug|x86.ActiveCfg = Debug|Any CPU
		{D2D968AC-1169-4005-8960-F8AFCA65EB58}.Debug|x86.Build.0 = Debug|Any CPU
		{D2D968AC-1169-4005-8960-F8AFCA65EB58}.Release|Any CPU.ActiveCfg = Release|Any CPU
		{D2D968AC-1169-4005-8960-F8AFCA65EB58}.Release|Any CPU.Build.0 = Release|Any CPU
		{D2D968AC-1169-4005-8960-F8AFCA65EB58}.Release|Mixed Platforms.ActiveCfg = Release|Any CPU
		{D2D968AC-1169-4005-8960-F8AFCA65EB58}.Release|Mixed Platforms.Build.0 = Release|Any CPU
		{D2D968AC-1169-4005-8960-F8AFCA65EB58}.Release|x86.ActiveCfg = Release|Any CPU
		{D2D968AC-1169-4005-8960-F8AFCA65EB58}.Release|x86.Build.0 = Release|Any CPU
		{D8F6BBAB-23E1-44B8-ADB4-AD2C5F703A41}.Debug|Any CPU.ActiveCfg = Debug|Any CPU
		{D8F6BBAB-23E1-44B8-ADB4-AD2C5F703A41}.Debug|Any CPU.Build.0 = Debug|Any CPU
		{D8F6BBAB-23E1-44B8-ADB4-AD2C5F703A41}.Debug|Mixed Platforms.ActiveCfg = Debug|Any CPU
		{D8F6BBAB-23E1-44B8-ADB4-AD2C5F703A41}.Debug|Mixed Platforms.Build.0 = Debug|Any CPU
		{D8F6BBAB-23E1-44B8-ADB4-AD2C5F703A41}.Debug|x86.ActiveCfg = Debug|Any CPU
		{D8F6BBAB-23E1-44B8-ADB4-AD2C5F703A41}.Debug|x86.Build.0 = Debug|Any CPU
		{D8F6BBAB-23E1-44B8-ADB4-AD2C5F703A41}.Release|Any CPU.ActiveCfg = Release|Any CPU
		{D8F6BBAB-23E1-44B8-ADB4-AD2C5F703A41}.Release|Any CPU.Build.0 = Release|Any CPU
		{D8F6BBAB-23E1-44B8-ADB4-AD2C5F703A41}.Release|Mixed Platforms.ActiveCfg = Release|Any CPU
		{D8F6BBAB-23E1-44B8-ADB4-AD2C5F703A41}.Release|Mixed Platforms.Build.0 = Release|Any CPU
		{D8F6BBAB-23E1-44B8-ADB4-AD2C5F703A41}.Release|x86.ActiveCfg = Release|Any CPU
		{D8F6BBAB-23E1-44B8-ADB4-AD2C5F703A41}.Release|x86.Build.0 = Release|Any CPU
		{F493B43D-0230-488C-95C3-99E150295EA9}.Debug|Any CPU.ActiveCfg = Debug|Any CPU
		{F493B43D-0230-488C-95C3-99E150295EA9}.Debug|Any CPU.Build.0 = Debug|Any CPU
		{F493B43D-0230-488C-95C3-99E150295EA9}.Debug|Mixed Platforms.ActiveCfg = Debug|Any CPU
		{F493B43D-0230-488C-95C3-99E150295EA9}.Debug|Mixed Platforms.Build.0 = Debug|Any CPU
		{F493B43D-0230-488C-95C3-99E150295EA9}.Debug|x86.ActiveCfg = Debug|Any CPU
		{F493B43D-0230-488C-95C3-99E150295EA9}.Debug|x86.Build.0 = Debug|Any CPU
		{F493B43D-0230-488C-95C3-99E150295EA9}.Release|Any CPU.ActiveCfg = Release|Any CPU
		{F493B43D-0230-488C-95C3-99E150295EA9}.Release|Any CPU.Build.0 = Release|Any CPU
		{F493B43D-0230-488C-95C3-99E150295EA9}.Release|Mixed Platforms.ActiveCfg = Release|Any CPU
		{F493B43D-0230-488C-95C3-99E150295EA9}.Release|Mixed Platforms.Build.0 = Release|Any CPU
		{F493B43D-0230-488C-95C3-99E150295EA9}.Release|x86.ActiveCfg = Release|Any CPU
		{F493B43D-0230-488C-95C3-99E150295EA9}.Release|x86.Build.0 = Release|Any CPU
		{8CF69E77-7197-4812-AF69-F1E206D82FA9}.Debug|Any CPU.ActiveCfg = Debug|Any CPU
		{8CF69E77-7197-4812-AF69-F1E206D82FA9}.Debug|Any CPU.Build.0 = Debug|Any CPU
		{8CF69E77-7197-4812-AF69-F1E206D82FA9}.Debug|Mixed Platforms.ActiveCfg = Debug|Any CPU
		{8CF69E77-7197-4812-AF69-F1E206D82FA9}.Debug|Mixed Platforms.Build.0 = Debug|Any CPU
		{8CF69E77-7197-4812-AF69-F1E206D82FA9}.Debug|x86.ActiveCfg = Debug|Any CPU
		{8CF69E77-7197-4812-AF69-F1E206D82FA9}.Debug|x86.Build.0 = Debug|Any CPU
		{8CF69E77-7197-4812-AF69-F1E206D82FA9}.Release|Any CPU.ActiveCfg = Release|Any CPU
		{8CF69E77-7197-4812-AF69-F1E206D82FA9}.Release|Any CPU.Build.0 = Release|Any CPU
		{8CF69E77-7197-4812-AF69-F1E206D82FA9}.Release|Mixed Platforms.ActiveCfg = Release|Any CPU
		{8CF69E77-7197-4812-AF69-F1E206D82FA9}.Release|Mixed Platforms.Build.0 = Release|Any CPU
		{8CF69E77-7197-4812-AF69-F1E206D82FA9}.Release|x86.ActiveCfg = Release|Any CPU
		{8CF69E77-7197-4812-AF69-F1E206D82FA9}.Release|x86.Build.0 = Release|Any CPU
		{64123DFE-B5F0-4F23-B42D-B93A27B0C2A9}.Debug|Any CPU.ActiveCfg = Debug|Any CPU
		{64123DFE-B5F0-4F23-B42D-B93A27B0C2A9}.Debug|Any CPU.Build.0 = Debug|Any CPU
		{64123DFE-B5F0-4F23-B42D-B93A27B0C2A9}.Debug|Mixed Platforms.ActiveCfg = Debug|Any CPU
		{64123DFE-B5F0-4F23-B42D-B93A27B0C2A9}.Debug|Mixed Platforms.Build.0 = Debug|Any CPU
		{64123DFE-B5F0-4F23-B42D-B93A27B0C2A9}.Debug|x86.ActiveCfg = Debug|Any CPU
		{64123DFE-B5F0-4F23-B42D-B93A27B0C2A9}.Debug|x86.Build.0 = Debug|Any CPU
		{64123DFE-B5F0-4F23-B42D-B93A27B0C2A9}.Release|Any CPU.ActiveCfg = Release|Any CPU
		{64123DFE-B5F0-4F23-B42D-B93A27B0C2A9}.Release|Any CPU.Build.0 = Release|Any CPU
		{64123DFE-B5F0-4F23-B42D-B93A27B0C2A9}.Release|Mixed Platforms.ActiveCfg = Release|Any CPU
		{64123DFE-B5F0-4F23-B42D-B93A27B0C2A9}.Release|Mixed Platforms.Build.0 = Release|Any CPU
		{64123DFE-B5F0-4F23-B42D-B93A27B0C2A9}.Release|x86.ActiveCfg = Release|Any CPU
		{64123DFE-B5F0-4F23-B42D-B93A27B0C2A9}.Release|x86.Build.0 = Release|Any CPU
		{033271F0-0134-4F5A-B016-9D7A470ECE01}.Debug|Any CPU.ActiveCfg = Debug|Any CPU
		{033271F0-0134-4F5A-B016-9D7A470ECE01}.Debug|Any CPU.Build.0 = Debug|Any CPU
		{033271F0-0134-4F5A-B016-9D7A470ECE01}.Debug|Mixed Platforms.ActiveCfg = Debug|Any CPU
		{033271F0-0134-4F5A-B016-9D7A470ECE01}.Debug|Mixed Platforms.Build.0 = Debug|Any CPU
		{033271F0-0134-4F5A-B016-9D7A470ECE01}.Debug|x86.ActiveCfg = Debug|Any CPU
		{033271F0-0134-4F5A-B016-9D7A470ECE01}.Debug|x86.Build.0 = Debug|Any CPU
		{033271F0-0134-4F5A-B016-9D7A470ECE01}.Release|Any CPU.ActiveCfg = Release|Any CPU
		{033271F0-0134-4F5A-B016-9D7A470ECE01}.Release|Any CPU.Build.0 = Release|Any CPU
		{033271F0-0134-4F5A-B016-9D7A470ECE01}.Release|Mixed Platforms.ActiveCfg = Release|Any CPU
		{033271F0-0134-4F5A-B016-9D7A470ECE01}.Release|Mixed Platforms.Build.0 = Release|Any CPU
		{033271F0-0134-4F5A-B016-9D7A470ECE01}.Release|x86.ActiveCfg = Release|Any CPU
		{033271F0-0134-4F5A-B016-9D7A470ECE01}.Release|x86.Build.0 = Release|Any CPU
		{DC546845-193E-439B-8D3A-ABD585DEF67B}.Debug|Any CPU.ActiveCfg = Debug|Any CPU
		{DC546845-193E-439B-8D3A-ABD585DEF67B}.Debug|Any CPU.Build.0 = Debug|Any CPU
		{DC546845-193E-439B-8D3A-ABD585DEF67B}.Debug|Mixed Platforms.ActiveCfg = Debug|Any CPU
		{DC546845-193E-439B-8D3A-ABD585DEF67B}.Debug|Mixed Platforms.Build.0 = Debug|Any CPU
		{DC546845-193E-439B-8D3A-ABD585DEF67B}.Debug|x86.ActiveCfg = Debug|Any CPU
		{DC546845-193E-439B-8D3A-ABD585DEF67B}.Debug|x86.Build.0 = Debug|Any CPU
		{DC546845-193E-439B-8D3A-ABD585DEF67B}.Release|Any CPU.ActiveCfg = Release|Any CPU
		{DC546845-193E-439B-8D3A-ABD585DEF67B}.Release|Any CPU.Build.0 = Release|Any CPU
		{DC546845-193E-439B-8D3A-ABD585DEF67B}.Release|Mixed Platforms.ActiveCfg = Release|Any CPU
		{DC546845-193E-439B-8D3A-ABD585DEF67B}.Release|Mixed Platforms.Build.0 = Release|Any CPU
		{DC546845-193E-439B-8D3A-ABD585DEF67B}.Release|x86.ActiveCfg = Release|Any CPU
		{DC546845-193E-439B-8D3A-ABD585DEF67B}.Release|x86.Build.0 = Release|Any CPU
	EndGlobalSection
	GlobalSection(SolutionProperties) = preSolution
		HideSolutionNode = FALSE
	EndGlobalSection
EndGlobal
